
Microsoft Visual Studio Solution File, Format Version 12.00
# Visual Studio 15
VisualStudioVersion = 15.0.28307.960
MinimumVisualStudioVersion = 10.0.40219.1
Project("{FAE04EC0-301F-11D3-BF4B-00C04F79EFBC}") = "sqlprj", "sqlprj\sqlprj.csproj", "{7F5B3129-C75E-453C-8408-581BABDB3B4C}"
EndProject
Global
	GlobalSection(SolutionConfigurationPlatforms) = preSolution
		Debug|Any CPU = Debug|Any CPU
		Release|Any CPU = Release|Any CPU
	EndGlobalSection
	GlobalSection(ProjectConfigurationPlatforms) = postSolution
		{7F5B3129-C75E-453C-8408-581BABDB3B4C}.Debug|Any CPU.ActiveCfg = Debug|Any CPU
		{7F5B3129-C75E-453C-8408-581BABDB3B4C}.Debug|Any CPU.Build.0 = Debug|Any CPU
		{7F5B3129-C75E-453C-8408-581BABDB3B4C}.Release|Any CPU.ActiveCfg = Release|Any CPU
		{7F5B3129-C75E-453C-8408-581BABDB3B4C}.Release|Any CPU.Build.0 = Release|Any CPU
	EndGlobalSection
	GlobalSection(SolutionProperties) = preSolution
		HideSolutionNode = FALSE
	EndGlobalSection
	GlobalSection(ExtensibilityGlobals) = postSolution
		SolutionGuid = {3F821494-C8A3-419C-A898-BD52E06BA90B}
	EndGlobalSection
EndGlobal
